
Microsoft Visual Studio Solution File, Format Version 12.00
# Visual Studio Version 16
VisualStudioVersion = 16.0.32106.194
MinimumVisualStudioVersion = 10.0.40219.1
Project("{FAE04EC0-301F-11D3-BF4B-00C04F79EFBC}") = "Crud_AspDotNetCore", "Crud_AspDotNetCore\Crud_AspDotNetCore.csproj", "{6416045B-6330-4B98-8AE7-4D149862EDC0}"
EndProject
Global
	GlobalSection(SolutionConfigurationPlatforms) = preSolution
		Debug|Any CPU = Debug|Any CPU
		Release|Any CPU = Release|Any CPU
	EndGlobalSection
	GlobalSection(ProjectConfigurationPlatforms) = postSolution
		{6416045B-6330-4B98-8AE7-4D149862EDC0}.Debug|Any CPU.ActiveCfg = Debug|Any CPU
		{6416045B-6330-4B98-8AE7-4D149862EDC0}.Debug|Any CPU.Build.0 = Debug|Any CPU
		{6416045B-6330-4B98-8AE7-4D149862EDC0}.Release|Any CPU.ActiveCfg = Release|Any CPU
		{6416045B-6330-4B98-8AE7-4D149862EDC0}.Release|Any CPU.Build.0 = Release|Any CPU
	EndGlobalSection
	GlobalSection(SolutionProperties) = preSolution
		HideSolutionNode = FALSE
	EndGlobalSection
	GlobalSection(ExtensibilityGlobals) = postSolution
		SolutionGuid = {1754B81C-7700-48FA-A396-B11CBEB6FF9A}
	EndGlobalSection
EndGlobal
